
Microsoft Visual Studio Solution File, Format Version 12.00
# Visual Studio 14
VisualStudioVersion = 14.0.23107.0
MinimumVisualStudioVersion = 10.0.40219.1
Project("{2150E333-8FDC-42A3-9474-1A3956D46DE8}") = "Solution Items", "Solution Items", "{03E146A3-9E41-4FEB-9F7F-AE186D81CC14}"
	ProjectSection(SolutionItems) = preProject
		eDoctrinaOcr.vsmdi = eDoctrinaOcr.vsmdi
		Local.testsettings = Local.testsettings
		TraceAndTestImpact.testsettings = TraceAndTestImpact.testsettings
	EndProjectSection
EndProject
Project("{FAE04EC0-301F-11D3-BF4B-00C04F79EFBC}") = "eDoctrinaUtils", "eDoctrinaUtils\eDoctrinaUtils.csproj", "{8E3EAEDC-4F2B-462D-909B-56287329BC86}"
EndProject
Project("{FAE04EC0-301F-11D3-BF4B-00C04F79EFBC}") = "eDoctrinaOcrEd", "eDoctrinaOcrEd\eDoctrinaOcrEd.csproj", "{7B42FE66-F450-4B86-89C8-645C97543A86}"
EndProject
Project("{FAE04EC0-301F-11D3-BF4B-00C04F79EFBC}") = "eDoctrinaOcrTestWPF", "eDoctrinaOcrTestWPF\eDoctrinaOcrTestWPF.csproj", "{86B76E14-2938-46DE-B0FE-D79E94D02DC6}"
EndProject
Project("{FAE04EC0-301F-11D3-BF4B-00C04F79EFBC}") = "eDoctrinaOcrWPF", "eDoctrinaOcrWPF\eDoctrinaOcrWPF.csproj", "{39034B8E-164D-489A-A728-9D407A559430}"
	ProjectSection(ProjectDependencies) = postProject
		{139B0254-F5C6-46CC-BA1A-3A28773E902F} = {139B0254-F5C6-46CC-BA1A-3A28773E902F}
	EndProjectSection
EndProject
Project("{FAE04EC0-301F-11D3-BF4B-00C04F79EFBC}") = "eDoctrinaUtilsWPF", "eDoctrinaUtilsWPF\eDoctrinaUtilsWPF.csproj", "{139B0254-F5C6-46CC-BA1A-3A28773E902F}"
EndProject
Project("{FAE04EC0-301F-11D3-BF4B-00C04F79EFBC}") = "startApp", "startApp\startApp.csproj", "{5BB94F86-9603-46B9-944F-90CDE762620B}"
EndProject
Project("{FAE04EC0-301F-11D3-BF4B-00C04F79EFBC}") = "eDoctrinaOcrUpdate", "eDoctrinaOcrUpdate\eDoctrinaOcrUpdate.csproj", "{BECB3EE6-B33D-48FE-81F6-0D925D698F9E}"
EndProject
Project("{FAE04EC0-301F-11D3-BF4B-00C04F79EFBC}") = "Installer", "Installer\Installer.csproj", "{47BE655C-E414-4607-BF24-D4FF0E60634A}"
EndProject
Global
	GlobalSection(SolutionConfigurationPlatforms) = preSolution
		Debug|Any CPU = Debug|Any CPU
		Debug|Mixed Platforms = Debug|Mixed Platforms
		Debug|x64 = Debug|x64
		Debug|x86 = Debug|x86
		Release|Any CPU = Release|Any CPU
		Release|Mixed Platforms = Release|Mixed Platforms
		Release|x64 = Release|x64
		Release|x86 = Release|x86
	EndGlobalSection
	GlobalSection(ProjectConfigurationPlatforms) = postSolution
		{8E3EAEDC-4F2B-462D-909B-56287329BC86}.Debug|Any CPU.ActiveCfg = Debug|Any CPU
		{8E3EAEDC-4F2B-462D-909B-56287329BC86}.Debug|Any CPU.Build.0 = Debug|Any CPU
		{8E3EAEDC-4F2B-462D-909B-56287329BC86}.Debug|Mixed Platforms.ActiveCfg = Debug|x64
		{8E3EAEDC-4F2B-462D-909B-56287329BC86}.Debug|Mixed Platforms.Build.0 = Debug|x64
		{8E3EAEDC-4F2B-462D-909B-56287329BC86}.Debug|x64.ActiveCfg = Debug|x64
		{8E3EAEDC-4F2B-462D-909B-56287329BC86}.Debug|x64.Build.0 = Debug|x64
		{8E3EAEDC-4F2B-462D-909B-56287329BC86}.Debug|x86.ActiveCfg = Debug|x86
		{8E3EAEDC-4F2B-462D-909B-56287329BC86}.Debug|x86.Build.0 = Debug|x86
		{8E3EAEDC-4F2B-462D-909B-56287329BC86}.Release|Any CPU.ActiveCfg = Release|Any CPU
		{8E3EAEDC-4F2B-462D-909B-56287329BC86}.Release|Any CPU.Build.0 = Release|Any CPU
		{8E3EAEDC-4F2B-462D-909B-56287329BC86}.Release|Mixed Platforms.ActiveCfg = Release|x64
		{8E3EAEDC-4F2B-462D-909B-56287329BC86}.Release|Mixed Platforms.Build.0 = Release|x64
		{8E3EAEDC-4F2B-462D-909B-56287329BC86}.Release|x64.ActiveCfg = Release|x64
		{8E3EAEDC-4F2B-462D-909B-56287329BC86}.Release|x64.Build.0 = Release|x64
		{8E3EAEDC-4F2B-462D-909B-56287329BC86}.Release|x86.ActiveCfg = Release|Any CPU
		{7B42FE66-F450-4B86-89C8-645C97543A86}.Debug|Any CPU.ActiveCfg = Debug|x86
		{7B42FE66-F450-4B86-89C8-645C97543A86}.Debug|Mixed Platforms.ActiveCfg = Debug|x64
		{7B42FE66-F450-4B86-89C8-645C97543A86}.Debug|Mixed Platforms.Build.0 = Debug|x64
		{7B42FE66-F450-4B86-89C8-645C97543A86}.Debug|x64.ActiveCfg = Debug|x64
		{7B42FE66-F450-4B86-89C8-645C97543A86}.Debug|x86.ActiveCfg = Debug|x86
		{7B42FE66-F450-4B86-89C8-645C97543A86}.Debug|x86.Build.0 = Debug|x86
		{7B42FE66-F450-4B86-89C8-645C97543A86}.Release|Any CPU.ActiveCfg = Release|x86
		{7B42FE66-F450-4B86-89C8-645C97543A86}.Release|Mixed Platforms.ActiveCfg = Release|x64
		{7B42FE66-F450-4B86-89C8-645C97543A86}.Release|Mixed Platforms.Build.0 = Release|x64
		{7B42FE66-F450-4B86-89C8-645C97543A86}.Release|x64.ActiveCfg = Release|x64
		{7B42FE66-F450-4B86-89C8-645C97543A86}.Release|x64.Build.0 = Release|x64
		{7B42FE66-F450-4B86-89C8-645C97543A86}.Release|x86.ActiveCfg = Release|x86
		{7B42FE66-F450-4B86-89C8-645C97543A86}.Release|x86.Build.0 = Release|x86
		{86B76E14-2938-46DE-B0FE-D79E94D02DC6}.Debug|Any CPU.ActiveCfg = Debug|Any CPU
		{86B76E14-2938-46DE-B0FE-D79E94D02DC6}.Debug|Any CPU.Build.0 = Debug|Any CPU
		{86B76E14-2938-46DE-B0FE-D79E94D02DC6}.Debug|Mixed Platforms.ActiveCfg = Debug|x64
		{86B76E14-2938-46DE-B0FE-D79E94D02DC6}.Debug|Mixed Platforms.Build.0 = Debug|x64
		{86B76E14-2938-46DE-B0FE-D79E94D02DC6}.Debug|x64.ActiveCfg = Debug|x64
		{86B76E14-2938-46DE-B0FE-D79E94D02DC6}.Debug|x64.Build.0 = Debug|x64
		{86B76E14-2938-46DE-B0FE-D79E94D02DC6}.Debug|x86.ActiveCfg = Debug|x86
		{86B76E14-2938-46DE-B0FE-D79E94D02DC6}.Release|Any CPU.ActiveCfg = Release|Any CPU
		{86B76E14-2938-46DE-B0FE-D79E94D02DC6}.Release|Any CPU.Build.0 = Release|Any CPU
		{86B76E14-2938-46DE-B0FE-D79E94D02DC6}.Release|Mixed Platforms.ActiveCfg = Release|x64
		{86B76E14-2938-46DE-B0FE-D79E94D02DC6}.Release|Mixed Platforms.Build.0 = Release|x64
		{86B76E14-2938-46DE-B0FE-D79E94D02DC6}.Release|x64.ActiveCfg = Release|x64
		{86B76E14-2938-46DE-B0FE-D79E94D02DC6}.Release|x64.Build.0 = Release|x64
		{86B76E14-2938-46DE-B0FE-D79E94D02DC6}.Release|x86.ActiveCfg = Release|Any CPU
		{39034B8E-164D-489A-A728-9D407A559430}.Debug|Any CPU.ActiveCfg = Debug|Any CPU
		{39034B8E-164D-489A-A728-9D407A559430}.Debug|Any CPU.Build.0 = Debug|Any CPU
		{39034B8E-164D-489A-A728-9D407A559430}.Debug|Mixed Platforms.ActiveCfg = Debug|x64
		{39034B8E-164D-489A-A728-9D407A559430}.Debug|Mixed Platforms.Build.0 = Debug|x64
		{39034B8E-164D-489A-A728-9D407A559430}.Debug|x64.ActiveCfg = Debug|x64
		{39034B8E-164D-489A-A728-9D407A559430}.Debug|x64.Build.0 = Debug|x64
		{39034B8E-164D-489A-A728-9D407A559430}.Debug|x86.ActiveCfg = Debug|x86
		{39034B8E-164D-489A-A728-9D407A559430}.Release|Any CPU.ActiveCfg = Release|Any CPU
		{39034B8E-164D-489A-A728-9D407A559430}.Release|Any CPU.Build.0 = Release|Any CPU
		{39034B8E-164D-489A-A728-9D407A559430}.Release|Mixed Platforms.ActiveCfg = Release|x64
		{39034B8E-164D-489A-A728-9D407A559430}.Release|Mixed Platforms.Build.0 = Release|x64
		{39034B8E-164D-489A-A728-9D407A559430}.Release|x64.ActiveCfg = Release|x64
		{39034B8E-164D-489A-A728-9D407A559430}.Release|x64.Build.0 = Release|x64
		{39034B8E-164D-489A-A728-9D407A559430}.Release|x86.ActiveCfg = Release|Any CPU
		{139B0254-F5C6-46CC-BA1A-3A28773E902F}.Debug|Any CPU.ActiveCfg = Debug|Any CPU
		{139B0254-F5C6-46CC-BA1A-3A28773E902F}.Debug|Any CPU.Build.0 = Debug|Any CPU
		{139B0254-F5C6-46CC-BA1A-3A28773E902F}.Debug|Mixed Platforms.ActiveCfg = Debug|x64
		{139B0254-F5C6-46CC-BA1A-3A28773E902F}.Debug|Mixed Platforms.Build.0 = Debug|x64
		{139B0254-F5C6-46CC-BA1A-3A28773E902F}.Debug|x64.ActiveCfg = Debug|x64
		{139B0254-F5C6-46CC-BA1A-3A28773E902F}.Debug|x64.Build.0 = Debug|x64
		{139B0254-F5C6-46CC-BA1A-3A28773E902F}.Debug|x86.ActiveCfg = Debug|Any CPU
		{139B0254-F5C6-46CC-BA1A-3A28773E902F}.Release|Any CPU.ActiveCfg = Release|Any CPU
		{139B0254-F5C6-46CC-BA1A-3A28773E902F}.Release|Any CPU.Build.0 = Release|Any CPU
		{139B0254-F5C6-46CC-BA1A-3A28773E902F}.Release|Mixed Platforms.ActiveCfg = Release|x64
		{139B0254-F5C6-46CC-BA1A-3A28773E902F}.Release|Mixed Platforms.Build.0 = Release|x64
		{139B0254-F5C6-46CC-BA1A-3A28773E902F}.Release|x64.ActiveCfg = Release|x64
		{139B0254-F5C6-46CC-BA1A-3A28773E902F}.Release|x64.Build.0 = Release|x64
		{139B0254-F5C6-46CC-BA1A-3A28773E902F}.Release|x86.ActiveCfg = Release|Any CPU
		{5BB94F86-9603-46B9-944F-90CDE762620B}.Debug|Any CPU.ActiveCfg = Debug|Any CPU
		{5BB94F86-9603-46B9-944F-90CDE762620B}.Debug|Any CPU.Build.0 = Debug|Any CPU
		{5BB94F86-9603-46B9-944F-90CDE762620B}.Debug|Mixed Platforms.ActiveCfg = Debug|x64
		{5BB94F86-9603-46B9-944F-90CDE762620B}.Debug|Mixed Platforms.Build.0 = Debug|x64
		{5BB94F86-9603-46B9-944F-90CDE762620B}.Debug|x64.ActiveCfg = Debug|Any CPU
		{5BB94F86-9603-46B9-944F-90CDE762620B}.Debug|x64.Build.0 = Debug|Any CPU
		{5BB94F86-9603-46B9-944F-90CDE762620B}.Debug|x86.ActiveCfg = Debug|Any CPU
		{5BB94F86-9603-46B9-944F-90CDE762620B}.Debug|x86.Build.0 = Debug|Any CPU
		{5BB94F86-9603-46B9-944F-90CDE762620B}.Release|Any CPU.ActiveCfg = Release|Any CPU
		{5BB94F86-9603-46B9-944F-90CDE762620B}.Release|Any CPU.Build.0 = Release|Any CPU
		{5BB94F86-9603-46B9-944F-90CDE762620B}.Release|Mixed Platforms.ActiveCfg = Release|x64
		{5BB94F86-9603-46B9-944F-90CDE762620B}.Release|Mixed Platforms.Build.0 = Release|x64
		{5BB94F86-9603-46B9-944F-90CDE762620B}.Release|x64.ActiveCfg = Release|Any CPU
		{5BB94F86-9603-46B9-944F-90CDE762620B}.Release|x64.Build.0 = Release|Any CPU
		{5BB94F86-9603-46B9-944F-90CDE762620B}.Release|x86.ActiveCfg = Release|Any CPU
		{5BB94F86-9603-46B9-944F-90CDE762620B}.Release|x86.Build.0 = Release|Any CPU
		{BECB3EE6-B33D-48FE-81F6-0D925D698F9E}.Debug|Any CPU.ActiveCfg = Debug|Any CPU
		{BECB3EE6-B33D-48FE-81F6-0D925D698F9E}.Debug|Any CPU.Build.0 = Debug|Any CPU
		{BECB3EE6-B33D-48FE-81F6-0D925D698F9E}.Debug|Mixed Platforms.ActiveCfg = Debug|x64
		{BECB3EE6-B33D-48FE-81F6-0D925D698F9E}.Debug|Mixed Platforms.Build.0 = Debug|x64
		{BECB3EE6-B33D-48FE-81F6-0D925D698F9E}.Debug|x64.ActiveCfg = Debug|Any CPU
		{BECB3EE6-B33D-48FE-81F6-0D925D698F9E}.Debug|x64.Build.0 = Debug|Any CPU
		{BECB3EE6-B33D-48FE-81F6-0D925D698F9E}.Debug|x86.ActiveCfg = Debug|Any CPU
		{BECB3EE6-B33D-48FE-81F6-0D925D698F9E}.Debug|x86.Build.0 = Debug|Any CPU
		{BECB3EE6-B33D-48FE-81F6-0D925D698F9E}.Release|Any CPU.ActiveCfg = Release|Any CPU
		{BECB3EE6-B33D-48FE-81F6-0D925D698F9E}.Release|Any CPU.Build.0 = Release|Any CPU
		{BECB3EE6-B33D-48FE-81F6-0D925D698F9E}.Release|Mixed Platforms.ActiveCfg = Release|x64
		{BECB3EE6-B33D-48FE-81F6-0D925D698F9E}.Release|Mixed Platforms.Build.0 = Release|x64
		{BECB3EE6-B33D-48FE-81F6-0D925D698F9E}.Release|x64.ActiveCfg = Release|Any CPU
		{BECB3EE6-B33D-48FE-81F6-0D925D698F9E}.Release|x64.Build.0 = Release|Any CPU
		{BECB3EE6-B33D-48FE-81F6-0D925D698F9E}.Release|x86.ActiveCfg = Release|Any CPU
		{BECB3EE6-B33D-48FE-81F6-0D925D698F9E}.Release|x86.Build.0 = Release|Any CPU
		{47BE655C-E414-4607-BF24-D4FF0E60634A}.Debug|Any CPU.ActiveCfg = Debug|Any CPU
		{47BE655C-E414-4607-BF24-D4FF0E60634A}.Debug|Any CPU.Build.0 = Debug|Any CPU
		{47BE655C-E414-4607-BF24-D4FF0E60634A}.Debug|Mixed Platforms.ActiveCfg = Debug|x64
		{47BE655C-E414-4607-BF24-D4FF0E60634A}.Debug|Mixed Platforms.Build.0 = Debug|x64
		{47BE655C-E414-4607-BF24-D4FF0E60634A}.Debug|x64.ActiveCfg = Debug|Any CPU
		{47BE655C-E414-4607-BF24-D4FF0E60634A}.Debug|x64.Build.0 = Debug|Any CPU
		{47BE655C-E414-4607-BF24-D4FF0E60634A}.Debug|x86.ActiveCfg = Debug|Any CPU
		{47BE655C-E414-4607-BF24-D4FF0E60634A}.Debug|x86.Build.0 = Debug|Any CPU
		{47BE655C-E414-4607-BF24-D4FF0E60634A}.Release|Any CPU.ActiveCfg = Release|Any CPU
		{47BE655C-E414-4607-BF24-D4FF0E60634A}.Release|Any CPU.Build.0 = Release|Any CPU
		{47BE655C-E414-4607-BF24-D4FF0E60634A}.Release|Mixed Platforms.ActiveCfg = Release|x64
		{47BE655C-E414-4607-BF24-D4FF0E60634A}.Release|Mixed Platforms.Build.0 = Release|x64
		{47BE655C-E414-4607-BF24-D4FF0E60634A}.Release|x64.ActiveCfg = Release|Any CPU
		{47BE655C-E414-4607-BF24-D4FF0E60634A}.Release|x64.Build.0 = Release|Any CPU
		{47BE655C-E414-4607-BF24-D4FF0E60634A}.Release|x86.ActiveCfg = Release|Any CPU
		{47BE655C-E414-4607-BF24-D4FF0E60634A}.Release|x86.Build.0 = Release|Any CPU
	EndGlobalSection
	GlobalSection(SolutionProperties) = preSolution
		HideSolutionNode = FALSE
	EndGlobalSection
	GlobalSection(TestCaseManagementSettings) = postSolution
		CategoryFile = eDoctrinaOcr.vsmdi
	EndGlobalSection
EndGlobal
